// !$*UTF8*$!
{
	archiveVersion = 1;
	classes = {
	};
	objectVersion = 50;
	objects = {

/* Begin PBXBuildFile section */
		8A01B80534F49602F5646000 /* Pods_SwiftyDrawExampleUITests.framework in Frameworks */ = {isa = PBXBuildFile; fileRef = 1E28C993EDE13EDC8268BBB7 /* Pods_SwiftyDrawExampleUITests.framework */; };
		A510CA50222F8FB8004007D7 /* AppDelegate.swift in Sources */ = {isa = PBXBuildFile; fileRef = A510CA4F222F8FB8004007D7 /* AppDelegate.swift */; };
		A510CA55222F8FB8004007D7 /* Main.storyboard in Resources */ = {isa = PBXBuildFile; fileRef = A510CA53222F8FB8004007D7 /* Main.storyboard */; };
		A510CA57222F8FB9004007D7 /* Assets.xcassets in Resources */ = {isa = PBXBuildFile; fileRef = A510CA56222F8FB9004007D7 /* Assets.xcassets */; };
		A510CA5A222F8FB9004007D7 /* LaunchScreen.storyboard in Resources */ = {isa = PBXBuildFile; fileRef = A510CA58222F8FB9004007D7 /* LaunchScreen.storyboard */; };
		A510CA65222F8FB9004007D7 /* SwiftyDrawExampleTests.swift in Sources */ = {isa = PBXBuildFile; fileRef = A510CA64222F8FB9004007D7 /* SwiftyDrawExampleTests.swift */; };
		A510CA70222F8FB9004007D7 /* SwiftyDrawExampleUITests.swift in Sources */ = {isa = PBXBuildFile; fileRef = A510CA6F222F8FB9004007D7 /* SwiftyDrawExampleUITests.swift */; };
		A510CA7E222F918F004007D7 /* SwiftyDrawViewController.swift in Sources */ = {isa = PBXBuildFile; fileRef = A510CA7D222F918F004007D7 /* SwiftyDrawViewController.swift */; };
		BF95FD713747EE77CB6735A2 /* Pods_SwiftyDrawExample.framework in Frameworks */ = {isa = PBXBuildFile; fileRef = 806455FC339C127D807A195B /* Pods_SwiftyDrawExample.framework */; };
		D784F8F41220F7204B1B4454 /* Pods_SwiftyDrawExampleTests.framework in Frameworks */ = {isa = PBXBuildFile; fileRef = 21DC736FC70D022E39FE51B8 /* Pods_SwiftyDrawExampleTests.framework */; };
/* End PBXBuildFile section */

/* Begin PBXContainerItemProxy section */
		A510CA61222F8FB9004007D7 /* PBXContainerItemProxy */ = {
			isa = PBXContainerItemProxy;
			containerPortal = A510CA44222F8FB7004007D7 /* Project object */;
			proxyType = 1;
			remoteGlobalIDString = A510CA4B222F8FB8004007D7;
			remoteInfo = SwiftyDrawExample;
		};
		A510CA6C222F8FB9004007D7 /* PBXContainerItemProxy */ = {
			isa = PBXContainerItemProxy;
			containerPortal = A510CA44222F8FB7004007D7 /* Project object */;
			proxyType = 1;
			remoteGlobalIDString = A510CA4B222F8FB8004007D7;
			remoteInfo = SwiftyDrawExample;
		};
/* End PBXContainerItemProxy section */

/* Begin PBXFileReference section */
		1D534A4238E042FD4D128DAA /* Pods-SwiftyDrawExampleTests.debug.xcconfig */ = {isa = PBXFileReference; includeInIndex = 1; lastKnownFileType = text.xcconfig; name = "Pods-SwiftyDrawExampleTests.debug.xcconfig"; path = "Pods/Target Support Files/Pods-SwiftyDrawExampleTests/Pods-SwiftyDrawExampleTests.debug.xcconfig"; sourceTree = "<group>"; };
		1E28C993EDE13EDC8268BBB7 /* Pods_SwiftyDrawExampleUITests.framework */ = {isa = PBXFileReference; explicitFileType = wrapper.framework; includeInIndex = 0; path = Pods_SwiftyDrawExampleUITests.framework; sourceTree = BUILT_PRODUCTS_DIR; };
		21DC736FC70D022E39FE51B8 /* Pods_SwiftyDrawExampleTests.framework */ = {isa = PBXFileReference; explicitFileType = wrapper.framework; includeInIndex = 0; path = Pods_SwiftyDrawExampleTests.framework; sourceTree = BUILT_PRODUCTS_DIR; };
		38874749607A2955D5759C80 /* Pods-SwiftyDrawExample.debug.xcconfig */ = {isa = PBXFileReference; includeInIndex = 1; lastKnownFileType = text.xcconfig; name = "Pods-SwiftyDrawExample.debug.xcconfig"; path = "Pods/Target Support Files/Pods-SwiftyDrawExample/Pods-SwiftyDrawExample.debug.xcconfig"; sourceTree = "<group>"; };
		66921D96DBA88004707F2572 /* Pods-SwiftyDrawExampleUITests.release.xcconfig */ = {isa = PBXFileReference; includeInIndex = 1; lastKnownFileType = text.xcconfig; name = "Pods-SwiftyDrawExampleUITests.release.xcconfig"; path = "Pods/Target Support Files/Pods-SwiftyDrawExampleUITests/Pods-SwiftyDrawExampleUITests.release.xcconfig"; sourceTree = "<group>"; };
		806455FC339C127D807A195B /* Pods_SwiftyDrawExample.framework */ = {isa = PBXFileReference; explicitFileType = wrapper.framework; includeInIndex = 0; path = Pods_SwiftyDrawExample.framework; sourceTree = BUILT_PRODUCTS_DIR; };
		A510CA4C222F8FB8004007D7 /* SwiftyDrawExample.app */ = {isa = PBXFileReference; explicitFileType = wrapper.application; includeInIndex = 0; path = SwiftyDrawExample.app; sourceTree = BUILT_PRODUCTS_DIR; };
		A510CA4F222F8FB8004007D7 /* AppDelegate.swift */ = {isa = PBXFileReference; lastKnownFileType = sourcecode.swift; path = AppDelegate.swift; sourceTree = "<group>"; };
		A510CA54222F8FB8004007D7 /* Base */ = {isa = PBXFileReference; lastKnownFileType = file.storyboard; name = Base; path = Base.lproj/Main.storyboard; sourceTree = "<group>"; };
		A510CA56222F8FB9004007D7 /* Assets.xcassets */ = {isa = PBXFileReference; lastKnownFileType = folder.assetcatalog; path = Assets.xcassets; sourceTree = "<group>"; };
		A510CA59222F8FB9004007D7 /* Base */ = {isa = PBXFileReference; lastKnownFileType = file.storyboard; name = Base; path = Base.lproj/LaunchScreen.storyboard; sourceTree = "<group>"; };
		A510CA5B222F8FB9004007D7 /* Info.plist */ = {isa = PBXFileReference; lastKnownFileType = text.plist.xml; path = Info.plist; sourceTree = "<group>"; };
		A510CA60222F8FB9004007D7 /* SwiftyDrawExampleTests.xctest */ = {isa = PBXFileReference; explicitFileType = wrapper.cfbundle; includeInIndex = 0; path = SwiftyDrawExampleTests.xctest; sourceTree = BUILT_PRODUCTS_DIR; };
		A510CA64222F8FB9004007D7 /* SwiftyDrawExampleTests.swift */ = {isa = PBXFileReference; lastKnownFileType = sourcecode.swift; path = SwiftyDrawExampleTests.swift; sourceTree = "<group>"; };
		A510CA66222F8FB9004007D7 /* Info.plist */ = {isa = PBXFileReference; lastKnownFileType = text.plist.xml; path = Info.plist; sourceTree = "<group>"; };
		A510CA6B222F8FB9004007D7 /* SwiftyDrawExampleUITests.xctest */ = {isa = PBXFileReference; explicitFileType = wrapper.cfbundle; includeInIndex = 0; path = SwiftyDrawExampleUITests.xctest; sourceTree = BUILT_PRODUCTS_DIR; };
		A510CA6F222F8FB9004007D7 /* SwiftyDrawExampleUITests.swift */ = {isa = PBXFileReference; lastKnownFileType = sourcecode.swift; path = SwiftyDrawExampleUITests.swift; sourceTree = "<group>"; };
		A510CA71222F8FB9004007D7 /* Info.plist */ = {isa = PBXFileReference; lastKnownFileType = text.plist.xml; path = Info.plist; sourceTree = "<group>"; };
		A510CA7D222F918F004007D7 /* SwiftyDrawViewController.swift */ = {isa = PBXFileReference; lastKnownFileType = sourcecode.swift; path = SwiftyDrawViewController.swift; sourceTree = "<group>"; };
		EB4592BCFB21501BF497B52F /* Pods-SwiftyDrawExampleTests.release.xcconfig */ = {isa = PBXFileReference; includeInIndex = 1; lastKnownFileType = text.xcconfig; name = "Pods-SwiftyDrawExampleTests.release.xcconfig"; path = "Pods/Target Support Files/Pods-SwiftyDrawExampleTests/Pods-SwiftyDrawExampleTests.release.xcconfig"; sourceTree = "<group>"; };
		F1652468E1EF61D64956CE60 /* Pods-SwiftyDrawExample.release.xcconfig */ = {isa = PBXFileReference; includeInIndex = 1; lastKnownFileType = text.xcconfig; name = "Pods-SwiftyDrawExample.release.xcconfig"; path = "Pods/Target Support Files/Pods-SwiftyDrawExample/Pods-SwiftyDrawExample.release.xcconfig"; sourceTree = "<group>"; };
		F595318618AE5D54A4145C35 /* Pods-SwiftyDrawExampleUITests.debug.xcconfig */ = {isa = PBXFileReference; includeInIndex = 1; lastKnownFileType = text.xcconfig; name = "Pods-SwiftyDrawExampleUITests.debug.xcconfig"; path = "Pods/Target Support Files/Pods-SwiftyDrawExampleUITests/Pods-SwiftyDrawExampleUITests.debug.xcconfig"; sourceTree = "<group>"; };
/* End PBXFileReference section */

/* Begin PBXFrameworksBuildPhase section */
		A510CA49222F8FB8004007D7 /* Frameworks */ = {
			isa = PBXFrameworksBuildPhase;
			buildActionMask = 2147483647;
			files = (
				BF95FD713747EE77CB6735A2 /* Pods_SwiftyDrawExample.framework in Frameworks */,
			);
			runOnlyForDeploymentPostprocessing = 0;
		};
		A510CA5D222F8FB9004007D7 /* Frameworks */ = {
			isa = PBXFrameworksBuildPhase;
			buildActionMask = 2147483647;
			files = (
				D784F8F41220F7204B1B4454 /* Pods_SwiftyDrawExampleTests.framework in Frameworks */,
			);
			runOnlyForDeploymentPostprocessing = 0;
		};
		A510CA68222F8FB9004007D7 /* Frameworks */ = {
			isa = PBXFrameworksBuildPhase;
			buildActionMask = 2147483647;
			files = (
				8A01B80534F49602F5646000 /* Pods_SwiftyDrawExampleUITests.framework in Frameworks */,
			);
			runOnlyForDeploymentPostprocessing = 0;
		};
/* End PBXFrameworksBuildPhase section */

/* Begin PBXGroup section */
		61ABB2E77F08E17F8DABC67E /* Pods */ = {
			isa = PBXGroup;
			children = (
				38874749607A2955D5759C80 /* Pods-SwiftyDrawExample.debug.xcconfig */,
				F1652468E1EF61D64956CE60 /* Pods-SwiftyDrawExample.release.xcconfig */,
				1D534A4238E042FD4D128DAA /* Pods-SwiftyDrawExampleTests.debug.xcconfig */,
				EB4592BCFB21501BF497B52F /* Pods-SwiftyDrawExampleTests.release.xcconfig */,
				F595318618AE5D54A4145C35 /* Pods-SwiftyDrawExampleUITests.debug.xcconfig */,
				66921D96DBA88004707F2572 /* Pods-SwiftyDrawExampleUITests.release.xcconfig */,
			);
			name = Pods;
			sourceTree = "<group>";
		};
		A510CA43222F8FB7004007D7 = {
			isa = PBXGroup;
			children = (
				A510CA4E222F8FB8004007D7 /* SwiftyDrawExample */,
				A510CA63222F8FB9004007D7 /* SwiftyDrawExampleTests */,
				A510CA6E222F8FB9004007D7 /* SwiftyDrawExampleUITests */,
				A510CA4D222F8FB8004007D7 /* Products */,
				61ABB2E77F08E17F8DABC67E /* Pods */,
				C5D350F47DC567607DCC84EC /* Frameworks */,
			);
			sourceTree = "<group>";
		};
		A510CA4D222F8FB8004007D7 /* Products */ = {
			isa = PBXGroup;
			children = (
				A510CA4C222F8FB8004007D7 /* SwiftyDrawExample.app */,
				A510CA60222F8FB9004007D7 /* SwiftyDrawExampleTests.xctest */,
				A510CA6B222F8FB9004007D7 /* SwiftyDrawExampleUITests.xctest */,
			);
			name = Products;
			sourceTree = "<group>";
		};
		A510CA4E222F8FB8004007D7 /* SwiftyDrawExample */ = {
			isa = PBXGroup;
			children = (
				A510CA4F222F8FB8004007D7 /* AppDelegate.swift */,
				A510CA81222F9CE7004007D7 /* View */,
				A510CA82222F9CEE004007D7 /* Controller */,
				A510CA56222F8FB9004007D7 /* Assets.xcassets */,
				A510CA58222F8FB9004007D7 /* LaunchScreen.storyboard */,
				A510CA5B222F8FB9004007D7 /* Info.plist */,
			);
			path = SwiftyDrawExample;
			sourceTree = "<group>";
		};
		A510CA63222F8FB9004007D7 /* SwiftyDrawExampleTests */ = {
			isa = PBXGroup;
			children = (
				A510CA64222F8FB9004007D7 /* SwiftyDrawExampleTests.swift */,
				A510CA66222F8FB9004007D7 /* Info.plist */,
			);
			path = SwiftyDrawExampleTests;
			sourceTree = "<group>";
		};
		A510CA6E222F8FB9004007D7 /* SwiftyDrawExampleUITests */ = {
			isa = PBXGroup;
			children = (
				A510CA6F222F8FB9004007D7 /* SwiftyDrawExampleUITests.swift */,
				A510CA71222F8FB9004007D7 /* Info.plist */,
			);
			path = SwiftyDrawExampleUITests;
			sourceTree = "<group>";
		};
		A510CA81222F9CE7004007D7 /* View */ = {
			isa = PBXGroup;
			children = (
				A510CA53222F8FB8004007D7 /* Main.storyboard */,
			);
			path = View;
			sourceTree = "<group>";
		};
		A510CA82222F9CEE004007D7 /* Controller */ = {
			isa = PBXGroup;
			children = (
				A510CA7D222F918F004007D7 /* SwiftyDrawViewController.swift */,
			);
			path = Controller;
			sourceTree = "<group>";
		};
		C5D350F47DC567607DCC84EC /* Frameworks */ = {
			isa = PBXGroup;
			children = (
				806455FC339C127D807A195B /* Pods_SwiftyDrawExample.framework */,
				21DC736FC70D022E39FE51B8 /* Pods_SwiftyDrawExampleTests.framework */,
				1E28C993EDE13EDC8268BBB7 /* Pods_SwiftyDrawExampleUITests.framework */,
			);
			name = Frameworks;
			sourceTree = "<group>";
		};
/* End PBXGroup section */

/* Begin PBXNativeTarget section */
		A510CA4B222F8FB8004007D7 /* SwiftyDrawExample */ = {
			isa = PBXNativeTarget;
			buildConfigurationList = A510CA74222F8FB9004007D7 /* Build configuration list for PBXNativeTarget "SwiftyDrawExample" */;
			buildPhases = (
				759D214A787AFB6CA0A35C2B /* [CP] Check Pods Manifest.lock */,
				A510CA48222F8FB8004007D7 /* Sources */,
				A510CA49222F8FB8004007D7 /* Frameworks */,
				A510CA4A222F8FB8004007D7 /* Resources */,
				F7096B5431FAFD6244EE4A7F /* [CP] Embed Pods Frameworks */,
			);
			buildRules = (
			);
			dependencies = (
			);
			name = SwiftyDrawExample;
			productName = SwiftyDrawExample;
			productReference = A510CA4C222F8FB8004007D7 /* SwiftyDrawExample.app */;
			productType = "com.apple.product-type.application";
		};
		A510CA5F222F8FB9004007D7 /* SwiftyDrawExampleTests */ = {
			isa = PBXNativeTarget;
			buildConfigurationList = A510CA77222F8FB9004007D7 /* Build configuration list for PBXNativeTarget "SwiftyDrawExampleTests" */;
			buildPhases = (
				480B8114392DED3B103F4E4F /* [CP] Check Pods Manifest.lock */,
				A510CA5C222F8FB9004007D7 /* Sources */,
				A510CA5D222F8FB9004007D7 /* Frameworks */,
				A510CA5E222F8FB9004007D7 /* Resources */,
			);
			buildRules = (
			);
			dependencies = (
				A510CA62222F8FB9004007D7 /* PBXTargetDependency */,
			);
			name = SwiftyDrawExampleTests;
			productName = SwiftyDrawExampleTests;
			productReference = A510CA60222F8FB9004007D7 /* SwiftyDrawExampleTests.xctest */;
			productType = "com.apple.product-type.bundle.unit-test";
		};
		A510CA6A222F8FB9004007D7 /* SwiftyDrawExampleUITests */ = {
			isa = PBXNativeTarget;
			buildConfigurationList = A510CA7A222F8FB9004007D7 /* Build configuration list for PBXNativeTarget "SwiftyDrawExampleUITests" */;
			buildPhases = (
				254680CF14C0BCDA643B239D /* [CP] Check Pods Manifest.lock */,
				A510CA67222F8FB9004007D7 /* Sources */,
				A510CA68222F8FB9004007D7 /* Frameworks */,
				A510CA69222F8FB9004007D7 /* Resources */,
			);
			buildRules = (
			);
			dependencies = (
				A510CA6D222F8FB9004007D7 /* PBXTargetDependency */,
			);
			name = SwiftyDrawExampleUITests;
			productName = SwiftyDrawExampleUITests;
			productReference = A510CA6B222F8FB9004007D7 /* SwiftyDrawExampleUITests.xctest */;
			productType = "com.apple.product-type.bundle.ui-testing";
		};
/* End PBXNativeTarget section */

/* Begin PBXProject section */
		A510CA44222F8FB7004007D7 /* Project object */ = {
			isa = PBXProject;
			attributes = {
				LastSwiftUpdateCheck = 1010;
				LastUpgradeCheck = 1010;
				ORGANIZATIONNAME = "Chris Abbod";
				TargetAttributes = {
					A510CA4B222F8FB8004007D7 = {
						CreatedOnToolsVersion = 10.1;
					};
					A510CA5F222F8FB9004007D7 = {
						CreatedOnToolsVersion = 10.1;
						TestTargetID = A510CA4B222F8FB8004007D7;
					};
					A510CA6A222F8FB9004007D7 = {
						CreatedOnToolsVersion = 10.1;
						TestTargetID = A510CA4B222F8FB8004007D7;
					};
				};
			};
			buildConfigurationList = A510CA47222F8FB7004007D7 /* Build configuration list for PBXProject "SwiftyDrawExample" */;
			compatibilityVersion = "Xcode 9.3";
			developmentRegion = en;
			hasScannedForEncodings = 0;
			knownRegions = (
				en,
				Base,
			);
			mainGroup = A510CA43222F8FB7004007D7;
			productRefGroup = A510CA4D222F8FB8004007D7 /* Products */;
			projectDirPath = "";
			projectRoot = "";
			targets = (
				A510CA4B222F8FB8004007D7 /* SwiftyDrawExample */,
				A510CA5F222F8FB9004007D7 /* SwiftyDrawExampleTests */,
				A510CA6A222F8FB9004007D7 /* SwiftyDrawExampleUITests */,
			);
		};
/* End PBXProject section */

/* Begin PBXResourcesBuildPhase section */
		A510CA4A222F8FB8004007D7 /* Resources */ = {
			isa = PBXResourcesBuildPhase;
			buildActionMask = 2147483647;
			files = (
				A510CA5A222F8FB9004007D7 /* LaunchScreen.storyboard in Resources */,
				A510CA57222F8FB9004007D7 /* Assets.xcassets in Resources */,
				A510CA55222F8FB8004007D7 /* Main.storyboard in Resources */,
			);
			runOnlyForDeploymentPostprocessing = 0;
		};
		A510CA5E222F8FB9004007D7 /* Resources */ = {
			isa = PBXResourcesBuildPhase;
			buildActionMask = 2147483647;
			files = (
			);
			runOnlyForDeploymentPostprocessing = 0;
		};
		A510CA69222F8FB9004007D7 /* Resources */ = {
			isa = PBXResourcesBuildPhase;
			buildActionMask = 2147483647;
			files = (
			);
			runOnlyForDeploymentPostprocessing = 0;
		};
/* End PBXResourcesBuildPhase section */

/* Begin PBXShellScriptBuildPhase section */
		254680CF14C0BCDA643B239D /* [CP] Check Pods Manifest.lock */ = {
			isa = PBXShellScriptBuildPhase;
			buildActionMask = 2147483647;
			files = (
			);
			inputFileListPaths = (
			);
			inputPaths = (
				"${PODS_PODFILE_DIR_PATH}/Podfile.lock",
				"${PODS_ROOT}/Manifest.lock",
			);
			name = "[CP] Check Pods Manifest.lock";
			outputFileListPaths = (
			);
			outputPaths = (
				"$(DERIVED_FILE_DIR)/Pods-SwiftyDrawExampleUITests-checkManifestLockResult.txt",
			);
			runOnlyForDeploymentPostprocessing = 0;
			shellPath = /bin/sh;
			shellScript = "diff \"${PODS_PODFILE_DIR_PATH}/Podfile.lock\" \"${PODS_ROOT}/Manifest.lock\" > /dev/null\nif [ $? != 0 ] ; then\n    # print error to STDERR\n    echo \"error: The sandbox is not in sync with the Podfile.lock. Run 'pod install' or update your CocoaPods installation.\" >&2\n    exit 1\nfi\n# This output is used by Xcode 'outputs' to avoid re-running this script phase.\necho \"SUCCESS\" > \"${SCRIPT_OUTPUT_FILE_0}\"\n";
			showEnvVarsInLog = 0;
		};
		480B8114392DED3B103F4E4F /* [CP] Check Pods Manifest.lock */ = {
			isa = PBXShellScriptBuildPhase;
			buildActionMask = 2147483647;
			files = (
			);
			inputFileListPaths = (
			);
			inputPaths = (
				"${PODS_PODFILE_DIR_PATH}/Podfile.lock",
				"${PODS_ROOT}/Manifest.lock",
			);
			name = "[CP] Check Pods Manifest.lock";
			outputFileListPaths = (
			);
			outputPaths = (
				"$(DERIVED_FILE_DIR)/Pods-SwiftyDrawExampleTests-checkManifestLockResult.txt",
			);
			runOnlyForDeploymentPostprocessing = 0;
			shellPath = /bin/sh;
			shellScript = "diff \"${PODS_PODFILE_DIR_PATH}/Podfile.lock\" \"${PODS_ROOT}/Manifest.lock\" > /dev/null\nif [ $? != 0 ] ; then\n    # print error to STDERR\n    echo \"error: The sandbox is not in sync with the Podfile.lock. Run 'pod install' or update your CocoaPods installation.\" >&2\n    exit 1\nfi\n# This output is used by Xcode 'outputs' to avoid re-running this script phase.\necho \"SUCCESS\" > \"${SCRIPT_OUTPUT_FILE_0}\"\n";
			showEnvVarsInLog = 0;
		};
		759D214A787AFB6CA0A35C2B /* [CP] Check Pods Manifest.lock */ = {
			isa = PBXShellScriptBuildPhase;
			buildActionMask = 2147483647;
			files = (
			);
			inputFileListPaths = (
			);
			inputPaths = (
				"${PODS_PODFILE_DIR_PATH}/Podfile.lock",
				"${PODS_ROOT}/Manifest.lock",
			);
			name = "[CP] Check Pods Manifest.lock";
			outputFileListPaths = (
			);
			outputPaths = (
				"$(DERIVED_FILE_DIR)/Pods-SwiftyDrawExample-checkManifestLockResult.txt",
			);
			runOnlyForDeploymentPostprocessing = 0;
			shellPath = /bin/sh;
			shellScript = "diff \"${PODS_PODFILE_DIR_PATH}/Podfile.lock\" \"${PODS_ROOT}/Manifest.lock\" > /dev/null\nif [ $? != 0 ] ; then\n    # print error to STDERR\n    echo \"error: The sandbox is not in sync with the Podfile.lock. Run 'pod install' or update your CocoaPods installation.\" >&2\n    exit 1\nfi\n# This output is used by Xcode 'outputs' to avoid re-running this script phase.\necho \"SUCCESS\" > \"${SCRIPT_OUTPUT_FILE_0}\"\n";
			showEnvVarsInLog = 0;
		};
		F7096B5431FAFD6244EE4A7F /* [CP] Embed Pods Frameworks */ = {
			isa = PBXShellScriptBuildPhase;
			buildActionMask = 2147483647;
			files = (
			);
			inputFileListPaths = (
			);
			inputPaths = (
				"${SRCROOT}/Pods/Target Support Files/Pods-SwiftyDrawExample/Pods-SwiftyDrawExample-frameworks.sh",
				"${BUILT_PRODUCTS_DIR}/SwiftyDraw/SwiftyDraw.framework",
			);
			name = "[CP] Embed Pods Frameworks";
			outputFileListPaths = (
			);
			outputPaths = (
				"${TARGET_BUILD_DIR}/${FRAMEWORKS_FOLDER_PATH}/SwiftyDraw.framework",
			);
			runOnlyForDeploymentPostprocessing = 0;
			shellPath = /bin/sh;
			shellScript = "\"${SRCROOT}/Pods/Target Support Files/Pods-SwiftyDrawExample/Pods-SwiftyDrawExample-frameworks.sh\"\n";
			showEnvVarsInLog = 0;
		};
/* End PBXShellScriptBuildPhase section */

/* Begin PBXSourcesBuildPhase section */
		A510CA48222F8FB8004007D7 /* Sources */ = {
			isa = PBXSourcesBuildPhase;
			buildActionMask = 2147483647;
			files = (
				A510CA7E222F918F004007D7 /* SwiftyDrawViewController.swift in Sources */,
				A510CA50222F8FB8004007D7 /* AppDelegate.swift in Sources */,
			);
			runOnlyForDeploymentPostprocessing = 0;
		};
		A510CA5C222F8FB9004007D7 /* Sources */ = {
			isa = PBXSourcesBuildPhase;
			buildActionMask = 2147483647;
			files = (
				A510CA65222F8FB9004007D7 /* SwiftyDrawExampleTests.swift in Sources */,
			);
			runOnlyForDeploymentPostprocessing = 0;
		};
		A510CA67222F8FB9004007D7 /* Sources */ = {
			isa = PBXSourcesBuildPhase;
			buildActionMask = 2147483647;
			files = (
				A510CA70222F8FB9004007D7 /* SwiftyDrawExampleUITests.swift in Sources */,
			);
			runOnlyForDeploymentPostprocessing = 0;
		};
/* End PBXSourcesBuildPhase section */

/* Begin PBXTargetDependency section */
		A510CA62222F8FB9004007D7 /* PBXTargetDependency */ = {
			isa = PBXTargetDependency;
			target = A510CA4B222F8FB8004007D7 /* SwiftyDrawExample */;
			targetProxy = A510CA61222F8FB9004007D7 /* PBXContainerItemProxy */;
		};
		A510CA6D222F8FB9004007D7 /* PBXTargetDependency */ = {
			isa = PBXTargetDependency;
			target = A510CA4B222F8FB8004007D7 /* SwiftyDrawExample */;
			targetProxy = A510CA6C222F8FB9004007D7 /* PBXContainerItemProxy */;
		};
/* End PBXTargetDependency section */

/* Begin PBXVariantGroup section */
		A510CA53222F8FB8004007D7 /* Main.storyboard */ = {
			isa = PBXVariantGroup;
			children = (
				A510CA54222F8FB8004007D7 /* Base */,
			);
			name = Main.storyboard;
			sourceTree = "<group>";
		};
		A510CA58222F8FB9004007D7 /* LaunchScreen.storyboard */ = {
			isa = PBXVariantGroup;
			children = (
				A510CA59222F8FB9004007D7 /* Base */,
			);
			name = LaunchScreen.storyboard;
			sourceTree = "<group>";
		};
/* End PBXVariantGroup section */

/* Begin XCBuildConfiguration section */
		A510CA72222F8FB9004007D7 /* Debug */ = {
			isa = XCBuildConfiguration;
			buildSettings = {
				ALWAYS_SEARCH_USER_PATHS = NO;
				CLANG_ANALYZER_NONNULL = YES;
				CLANG_ANALYZER_NUMBER_OBJECT_CONVERSION = YES_AGGRESSIVE;
				CLANG_CXX_LANGUAGE_STANDARD = "gnu++14";
				CLANG_CXX_LIBRARY = "libc++";
				CLANG_ENABLE_MODULES = YES;
				CLANG_ENABLE_OBJC_ARC = YES;
				CLANG_ENABLE_OBJC_WEAK = YES;
				CLANG_WARN_BLOCK_CAPTURE_AUTORELEASING = YES;
				CLANG_WARN_BOOL_CONVERSION = YES;
				CLANG_WARN_COMMA = YES;
				CLANG_WARN_CONSTANT_CONVERSION = YES;
				CLANG_WARN_DEPRECATED_OBJC_IMPLEMENTATIONS = YES;
				CLANG_WARN_DIRECT_OBJC_ISA_USAGE = YES_ERROR;
				CLANG_WARN_DOCUMENTATION_COMMENTS = YES;
				CLANG_WARN_EMPTY_BODY = YES;
				CLANG_WARN_ENUM_CONVERSION = YES;
				CLANG_WARN_INFINITE_RECURSION = YES;
				CLANG_WARN_INT_CONVERSION = YES;
				CLANG_WARN_NON_LITERAL_NULL_CONVERSION = YES;
				CLANG_WARN_OBJC_IMPLICIT_RETAIN_SELF = YES;
				CLANG_WARN_OBJC_LITERAL_CONVERSION = YES;
				CLANG_WARN_OBJC_ROOT_CLASS = YES_ERROR;
				CLANG_WARN_RANGE_LOOP_ANALYSIS = YES;
				CLANG_WARN_STRICT_PROTOTYPES = YES;
				CLANG_WARN_SUSPICIOUS_MOVE = YES;
				CLANG_WARN_UNGUARDED_AVAILABILITY = YES_AGGRESSIVE;
				CLANG_WARN_UNREACHABLE_CODE = YES;
				CLANG_WARN__DUPLICATE_METHOD_MATCH = YES;
				CODE_SIGN_IDENTITY = "iPhone Developer";
				COPY_PHASE_STRIP = NO;
				DEBUG_INFORMATION_FORMAT = dwarf;
				ENABLE_STRICT_OBJC_MSGSEND = YES;
				ENABLE_TESTABILITY = YES;
				GCC_C_LANGUAGE_STANDARD = gnu11;
				GCC_DYNAMIC_NO_PIC = NO;
				GCC_NO_COMMON_BLOCKS = YES;
				GCC_OPTIMIZATION_LEVEL = 0;
				GCC_PREPROCESSOR_DEFINITIONS = (
					"DEBUG=1",
					"$(inherited)",
				);
				GCC_WARN_64_TO_32_BIT_CONVERSION = YES;
				GCC_WARN_ABOUT_RETURN_TYPE = YES_ERROR;
				GCC_WARN_UNDECLARED_SELECTOR = YES;
				GCC_WARN_UNINITIALIZED_AUTOS = YES_AGGRESSIVE;
				GCC_WARN_UNUSED_FUNCTION = YES;
				GCC_WARN_UNUSED_VARIABLE = YES;
				IPHONEOS_DEPLOYMENT_TARGET = 12.1;
				MTL_ENABLE_DEBUG_INFO = INCLUDE_SOURCE;
				MTL_FAST_MATH = YES;
				ONLY_ACTIVE_ARCH = YES;
				SDKROOT = iphoneos;
				SWIFT_ACTIVE_COMPILATION_CONDITIONS = DEBUG;
				SWIFT_OPTIMIZATION_LEVEL = "-Onone";
			};
			name = Debug;
		};
		A510CA73222F8FB9004007D7 /* Release */ = {
			isa = XCBuildConfiguration;
			buildSettings = {
				ALWAYS_SEARCH_USER_PATHS = NO;
				CLANG_ANALYZER_NONNULL = YES;
				CLANG_ANALYZER_NUMBER_OBJECT_CONVERSION = YES_AGGRESSIVE;
				CLANG_CXX_LANGUAGE_STANDARD = "gnu++14";
				CLANG_CXX_LIBRARY = "libc++";
				CLANG_ENABLE_MODULES = YES;
				CLANG_ENABLE_OBJC_ARC = YES;
				CLANG_ENABLE_OBJC_WEAK = YES;
				CLANG_WARN_BLOCK_CAPTURE_AUTORELEASING = YES;
				CLANG_WARN_BOOL_CONVERSION = YES;
				CLANG_WARN_COMMA = YES;
				CLANG_WARN_CONSTANT_CONVERSION = YES;
				CLANG_WARN_DEPRECATED_OBJC_IMPLEMENTATIONS = YES;
				CLANG_WARN_DIRECT_OBJC_ISA_USAGE = YES_ERROR;
				CLANG_WARN_DOCUMENTATION_COMMENTS = YES;
				CLANG_WARN_EMPTY_BODY = YES;
				CLANG_WARN_ENUM_CONVERSION = YES;
				CLANG_WARN_INFINITE_RECURSION = YES;
				CLANG_WARN_INT_CONVERSION = YES;
				CLANG_WARN_NON_LITERAL_NULL_CONVERSION = YES;
				CLANG_WARN_OBJC_IMPLICIT_RETAIN_SELF = YES;
				CLANG_WARN_OBJC_LITERAL_CONVERSION = YES;
				CLANG_WARN_OBJC_ROOT_CLASS = YES_ERROR;
				CLANG_WARN_RANGE_LOOP_ANALYSIS = YES;
				CLANG_WARN_STRICT_PROTOTYPES = YES;
				CLANG_WARN_SUSPICIOUS_MOVE = YES;
				CLANG_WARN_UNGUARDED_AVAILABILITY = YES_AGGRESSIVE;
				CLANG_WARN_UNREACHABLE_CODE = YES;
				CLANG_WARN__DUPLICATE_METHOD_MATCH = YES;
				CODE_SIGN_IDENTITY = "iPhone Developer";
				COPY_PHASE_STRIP = NO;
				DEBUG_INFORMATION_FORMAT = "dwarf-with-dsym";
				ENABLE_NS_ASSERTIONS = NO;
				ENABLE_STRICT_OBJC_MSGSEND = YES;
				GCC_C_LANGUAGE_STANDARD = gnu11;
				GCC_NO_COMMON_BLOCKS = YES;
				GCC_WARN_64_TO_32_BIT_CONVERSION = YES;
				GCC_WARN_ABOUT_RETURN_TYPE = YES_ERROR;
				GCC_WARN_UNDECLARED_SELECTOR = YES;
				GCC_WARN_UNINITIALIZED_AUTOS = YES_AGGRESSIVE;
				GCC_WARN_UNUSED_FUNCTION = YES;
				GCC_WARN_UNUSED_VARIABLE = YES;
				IPHONEOS_DEPLOYMENT_TARGET = 12.1;
				MTL_ENABLE_DEBUG_INFO = NO;
				MTL_FAST_MATH = YES;
				SDKROOT = iphoneos;
				SWIFT_COMPILATION_MODE = wholemodule;
				SWIFT_OPTIMIZATION_LEVEL = "-O";
				VALIDATE_PRODUCT = YES;
			};
			name = Release;
		};
		A510CA75222F8FB9004007D7 /* Debug */ = {
			isa = XCBuildConfiguration;
			baseConfigurationReference = 38874749607A2955D5759C80 /* Pods-SwiftyDrawExample.debug.xcconfig */;
			buildSettings = {
				ASSETCATALOG_COMPILER_APPICON_NAME = AppIcon;
				CODE_SIGN_STYLE = Automatic;
				DEVELOPMENT_TEAM = R834XYWGJT;
				INFOPLIST_FILE = SwiftyDrawExample/Info.plist;
				LD_RUNPATH_SEARCH_PATHS = (
					"$(inherited)",
					"@executable_path/Frameworks",
				);
				PRODUCT_BUNDLE_IDENTIFIER = com.chrisabbod.SwiftyDrawExample;
				PRODUCT_NAME = "$(TARGET_NAME)";
				SWIFT_VERSION = 4.2;
				TARGETED_DEVICE_FAMILY = "1,2";
			};
			name = Debug;
		};
		A510CA76222F8FB9004007D7 /* Release */ = {
			isa = XCBuildConfiguration;
			baseConfigurationReference = F1652468E1EF61D64956CE60 /* Pods-SwiftyDrawExample.release.xcconfig */;
			buildSettings = {
				ASSETCATALOG_COMPILER_APPICON_NAME = AppIcon;
				CODE_SIGN_STYLE = Automatic;
				DEVELOPMENT_TEAM = R834XYWGJT;
				INFOPLIST_FILE = SwiftyDrawExample/Info.plist;
				LD_RUNPATH_SEARCH_PATHS = (
					"$(inherited)",
					"@executable_path/Frameworks",
				);
				PRODUCT_BUNDLE_IDENTIFIER = com.chrisabbod.SwiftyDrawExample;
				PRODUCT_NAME = "$(TARGET_NAME)";
				SWIFT_VERSION = 4.2;
				TARGETED_DEVICE_FAMILY = "1,2";
			};
			name = Release;
		};
		A510CA78222F8FB9004007D7 /* Debug */ = {
			isa = XCBuildConfiguration;
			baseConfigurationReference = 1D534A4238E042FD4D128DAA /* Pods-SwiftyDrawExampleTests.debug.xcconfig */;
			buildSettings = {
				ALWAYS_EMBED_SWIFT_STANDARD_LIBRARIES = YES;
				BUNDLE_LOADER = "$(TEST_HOST)";
				CODE_SIGN_STYLE = Automatic;
				DEVELOPMENT_TEAM = R834XYWGJT;
				INFOPLIST_FILE = SwiftyDrawExampleTests/Info.plist;
				LD_RUNPATH_SEARCH_PATHS = (
					"$(inherited)",
					"@executable_path/Frameworks",
					"@loader_path/Frameworks",
				);
				PRODUCT_BUNDLE_IDENTIFIER = com.chrisabbod.SwiftyDrawExampleTests;
				PRODUCT_NAME = "$(TARGET_NAME)";
				SWIFT_VERSION = 4.2;
				TARGETED_DEVICE_FAMILY = "1,2";
				TEST_HOST = "$(BUILT_PRODUCTS_DIR)/SwiftyDrawExample.app/SwiftyDrawExample";
			};
			name = Debug;
		};
		A510CA79222F8FB9004007D7 /* Release */ = {
			isa = XCBuildConfiguration;
			baseConfigurationReference = EB4592BCFB21501BF497B52F /* Pods-SwiftyDrawExampleTests.release.xcconfig */;
			buildSettings = {
				ALWAYS_EMBED_SWIFT_STANDARD_LIBRARIES = YES;
				BUNDLE_LOADER = "$(TEST_HOST)";
				CODE_SIGN_STYLE = Automatic;
				DEVELOPMENT_TEAM = R834XYWGJT;
				INFOPLIST_FILE = SwiftyDrawExampleTests/Info.plist;
				LD_RUNPATH_SEARCH_PATHS = (
					"$(inherited)",
					"@executable_path/Frameworks",
					"@loader_path/Frameworks",
				);
				PRODUCT_BUNDLE_IDENTIFIER = com.chrisabbod.SwiftyDrawExampleTests;
				PRODUCT_NAME = "$(TARGET_NAME)";
				SWIFT_VERSION = 4.2;
				TARGETED_DEVICE_FAMILY = "1,2";
				TEST_HOST = "$(BUILT_PRODUCTS_DIR)/SwiftyDrawExample.app/SwiftyDrawExample";
			};
			name = Release;
		};
		A510CA7B222F8FB9004007D7 /* Debug */ = {
			isa = XCBuildConfiguration;
			baseConfigurationReference = F595318618AE5D54A4145C35 /* Pods-SwiftyDrawExampleUITests.debug.xcconfig */;
			buildSettings = {
				ALWAYS_EMBED_SWIFT_STANDARD_LIBRARIES = YES;
				CODE_SIGN_STYLE = Automatic;
				DEVELOPMENT_TEAM = R834XYWGJT;
				INFOPLIST_FILE = SwiftyDrawExampleUITests/Info.plist;
				LD_RUNPATH_SEARCH_PATHS = (
					"$(inherited)",
					"@executable_path/Frameworks",
					"@loader_path/Frameworks",
				);
				PRODUCT_BUNDLE_IDENTIFIER = com.chrisabbod.SwiftyDrawExampleUITests;
				PRODUCT_NAME = "$(TARGET_NAME)";
				SWIFT_VERSION = 4.2;
				TARGETED_DEVICE_FAMILY = "1,2";
				TEST_TARGET_NAME = SwiftyDrawExample;
			};
			name = Debug;
		};
		A510CA7C222F8FB9004007D7 /* Release */ = {
			isa = XCBuildConfiguration;
			baseConfigurationReference = 66921D96DBA88004707F2572 /* Pods-SwiftyDrawExampleUITests.release.xcconfig */;
			buildSettings = {
				ALWAYS_EMBED_SWIFT_STANDARD_LIBRARIES = YES;
				CODE_SIGN_STYLE = Automatic;
				DEVELOPMENT_TEAM = R834XYWGJT;
				INFOPLIST_FILE = SwiftyDrawExampleUITests/Info.plist;
				LD_RUNPATH_SEARCH_PATHS = (
					"$(inherited)",
					"@executable_path/Frameworks",
					"@loader_path/Frameworks",
				);
				PRODUCT_BUNDLE_IDENTIFIER = com.chrisabbod.SwiftyDrawExampleUITests;
				PRODUCT_NAME = "$(TARGET_NAME)";
				SWIFT_VERSION = 4.2;
				TARGETED_DEVICE_FAMILY = "1,2";
				TEST_TARGET_NAME = SwiftyDrawExample;
			};
			name = Release;
		};
/* End XCBuildConfiguration section */

/* Begin XCConfigurationList section */
		A510CA47222F8FB7004007D7 /* Build configuration list for PBXProject "SwiftyDrawExample" */ = {
			isa = XCConfigurationList;
			buildConfigurations = (
				A510CA72222F8FB9004007D7 /* Debug */,
				A510CA73222F8FB9004007D7 /* Release */,
			);
			defaultConfigurationIsVisible = 0;
			defaultConfigurationName = Release;
		};
		A510CA74222F8FB9004007D7 /* Build configuration list for PBXNativeTarget "SwiftyDrawExample" */ = {
			isa = XCConfigurationList;
			buildConfigurations = (
				A510CA75222F8FB9004007D7 /* Debug */,
				A510CA76222F8FB9004007D7 /* Release */,
			);
			defaultConfigurationIsVisible = 0;
			defaultConfigurationName = Release;
		};
		A510CA77222F8FB9004007D7 /* Build configuration list for PBXNativeTarget "SwiftyDrawExampleTests" */ = {
			isa = XCConfigurationList;
			buildConfigurations = (
				A510CA78222F8FB9004007D7 /* Debug */,
				A510CA79222F8FB9004007D7 /* Release */,
			);
			defaultConfigurationIsVisible = 0;
			defaultConfigurationName = Release;
		};
		A510CA7A222F8FB9004007D7 /* Build configuration list for PBXNativeTarget "SwiftyDrawExampleUITests" */ = {
			isa = XCConfigurationList;
			buildConfigurations = (
				A510CA7B222F8FB9004007D7 /* Debug */,
				A510CA7C222F8FB9004007D7 /* Release */,
			);
			defaultConfigurationIsVisible = 0;
			defaultConfigurationName = Release;
		};
/* End XCConfigurationList section */
	};
	rootObject = A510CA44222F8FB7004007D7 /* Project object */;
}
